
Microsoft Visual Studio Solution File, Format Version 12.00
# Visual Studio Version 16
VisualStudioVersion = 16.0.30406.217
MinimumVisualStudioVersion = 10.0.40219.1
Project("{FAE04EC0-301F-11D3-BF4B-00C04F79EFBC}") = "collection", "collection\collection.csproj", "{B3446B4E-20EA-448D-A7F6-A1E7E7DDB04F}"
EndProject
Global
	GlobalSection(SolutionConfigurationPlatforms) = preSolution
		Debug|Any CPU = Debug|Any CPU
		Release|Any CPU = Release|Any CPU
	EndGlobalSection
	GlobalSection(ProjectConfigurationPlatforms) = postSolution
		{B3446B4E-20EA-448D-A7F6-A1E7E7DDB04F}.Debug|Any CPU.ActiveCfg = Debug|Any CPU
		{B3446B4E-20EA-448D-A7F6-A1E7E7DDB04F}.Debug|Any CPU.Build.0 = Debug|Any CPU
		{B3446B4E-20EA-448D-A7F6-A1E7E7DDB04F}.Release|Any CPU.ActiveCfg = Release|Any CPU
		{B3446B4E-20EA-448D-A7F6-A1E7E7DDB04F}.Release|Any CPU.Build.0 = Release|Any CPU
	EndGlobalSection
	GlobalSection(SolutionProperties) = preSolution
		HideSolutionNode = FALSE
	EndGlobalSection
	GlobalSection(ExtensibilityGlobals) = postSolution
		SolutionGuid = {DA913552-10B6-467D-AD12-BE32967D72B8}
	EndGlobalSection
EndGlobal
